{
  "lockfileVersion": 1,
  "configVersion": 0,
  "workspaces": {
    "": {
      "dependencies": {
        "imagetracerjs": "^1.2.6",
      },
    },
  },
  "packages": {
    "imagetracerjs": ["imagetracerjs@1.2.6", "", {}, "sha512-LKJlnKmXFzDdh6IZtXTyBxXcCLTAkwgKYS+NMiPXiXVnlTLjQC8fq7U89laUSgHtypJB3TdMMDK4ecG5NI/Cgw=="],
  }
}
